
Microsoft Visual Studio Solution File, Format Version 12.00
# Visual Studio Version 17
VisualStudioVersion = 17.8.34330.188
MinimumVisualStudioVersion = 10.0.40219.1
Project("{FAE04EC0-301F-11D3-BF4B-00C04F79EFBC}") = "Server", "Server\Server.csproj", "{6C582923-36DD-4BA1-BCCF-A44419D9DD48}"
EndProject
Global
	GlobalSection(SolutionConfigurationPlatforms) = preSolution
		Debug|Any CPU = Debug|Any CPU
		Release|Any CPU = Release|Any CPU
	EndGlobalSection
	GlobalSection(ProjectConfigurationPlatforms) = postSolution
		{6C582923-36DD-4BA1-BCCF-A44419D9DD48}.Debug|Any CPU.ActiveCfg = Debug|Any CPU
		{6C582923-36DD-4BA1-BCCF-A44419D9DD48}.Debug|Any CPU.Build.0 = Debug|Any CPU
		{6C582923-36DD-4BA1-BCCF-A44419D9DD48}.Release|Any CPU.ActiveCfg = Release|Any CPU
		{6C582923-36DD-4BA1-BCCF-A44419D9DD48}.Release|Any CPU.Build.0 = Release|Any CPU
	EndGlobalSection
	GlobalSection(SolutionProperties) = preSolution
		HideSolutionNode = FALSE
	EndGlobalSection
	GlobalSection(ExtensibilityGlobals) = postSolution
		SolutionGuid = {B3A6CCC1-07E9-4FBB-8DA2-775FD24975DE}
	EndGlobalSection
EndGlobal
